
Microsoft Visual Studio Solution File, Format Version 12.00
# Visual Studio Version 17
VisualStudioVersion = 17.10.35004.147
MinimumVisualStudioVersion = 10.0.40219.1
Project("{FAE04EC0-301F-11D3-BF4B-00C04F79EFBC}") = "Games", "Games\Games.csproj", "{00966235-2624-40C0-9423-D4B1B5EB4D08}"
EndProject
Project("{FAE04EC0-301F-11D3-BF4B-00C04F79EFBC}") = "GameData", "GameData\GameData.csproj", "{C106B6CC-9542-44C5-B394-3A975F765A9E}"
EndProject
Project("{FAE04EC0-301F-11D3-BF4B-00C04F79EFBC}") = "GameDomain", "GameDomain\GameDomain.csproj", "{77D89DBF-E5A0-4C4C-9CDE-BB0D1CAC662D}"
EndProject
Global
	GlobalSection(SolutionConfigurationPlatforms) = preSolution
		Debug|Any CPU = Debug|Any CPU
		Release|Any CPU = Release|Any CPU
	EndGlobalSection
	GlobalSection(ProjectConfigurationPlatforms) = postSolution
		{00966235-2624-40C0-9423-D4B1B5EB4D08}.Debug|Any CPU.ActiveCfg = Debug|Any CPU
		{00966235-2624-40C0-9423-D4B1B5EB4D08}.Debug|Any CPU.Build.0 = Debug|Any CPU
		{00966235-2624-40C0-9423-D4B1B5EB4D08}.Release|Any CPU.ActiveCfg = Release|Any CPU
		{00966235-2624-40C0-9423-D4B1B5EB4D08}.Release|Any CPU.Build.0 = Release|Any CPU
		{C106B6CC-9542-44C5-B394-3A975F765A9E}.Debug|Any CPU.ActiveCfg = Debug|Any CPU
		{C106B6CC-9542-44C5-B394-3A975F765A9E}.Debug|Any CPU.Build.0 = Debug|Any CPU
		{C106B6CC-9542-44C5-B394-3A975F765A9E}.Release|Any CPU.ActiveCfg = Release|Any CPU
		{C106B6CC-9542-44C5-B394-3A975F765A9E}.Release|Any CPU.Build.0 = Release|Any CPU
		{77D89DBF-E5A0-4C4C-9CDE-BB0D1CAC662D}.Debug|Any CPU.ActiveCfg = Debug|Any CPU
		{77D89DBF-E5A0-4C4C-9CDE-BB0D1CAC662D}.Debug|Any CPU.Build.0 = Debug|Any CPU
		{77D89DBF-E5A0-4C4C-9CDE-BB0D1CAC662D}.Release|Any CPU.ActiveCfg = Release|Any CPU
		{77D89DBF-E5A0-4C4C-9CDE-BB0D1CAC662D}.Release|Any CPU.Build.0 = Release|Any CPU
	EndGlobalSection
	GlobalSection(SolutionProperties) = preSolution
		HideSolutionNode = FALSE
	EndGlobalSection
	GlobalSection(ExtensibilityGlobals) = postSolution
		SolutionGuid = {678E8D64-A72A-4A9E-A675-C62F10413952}
	EndGlobalSection
EndGlobal
